
Microsoft Visual Studio Solution File, Format Version 12.00
# Visual Studio Version 16
VisualStudioVersion = 16.0.31911.196
MinimumVisualStudioVersion = 10.0.40219.1
Project("{8BC9CEB8-8B4A-11D0-8D11-00A0C91BC942}") = "HMAC-SHA256", "HMAC-SHA256\HMAC-SHA256.vcxproj", "{2CF48DE4-36B9-405E-9716-3200750FBF84}"
EndProject
Global
	GlobalSection(SolutionConfigurationPlatforms) = preSolution
		Debug|x64 = Debug|x64
		Debug|x86 = Debug|x86
		Release|x64 = Release|x64
		Release|x86 = Release|x86
	EndGlobalSection
	GlobalSection(ProjectConfigurationPlatforms) = postSolution
		{2CF48DE4-36B9-405E-9716-3200750FBF84}.Debug|x64.ActiveCfg = Debug|x64
		{2CF48DE4-36B9-405E-9716-3200750FBF84}.Debug|x64.Build.0 = Debug|x64
		{2CF48DE4-36B9-405E-9716-3200750FBF84}.Debug|x86.ActiveCfg = Debug|Win32
		{2CF48DE4-36B9-405E-9716-3200750FBF84}.Debug|x86.Build.0 = Debug|Win32
		{2CF48DE4-36B9-405E-9716-3200750FBF84}.Release|x64.ActiveCfg = Release|x64
		{2CF48DE4-36B9-405E-9716-3200750FBF84}.Release|x64.Build.0 = Release|x64
		{2CF48DE4-36B9-405E-9716-3200750FBF84}.Release|x86.ActiveCfg = Release|Win32
		{2CF48DE4-36B9-405E-9716-3200750FBF84}.Release|x86.Build.0 = Release|Win32
	EndGlobalSection
	GlobalSection(SolutionProperties) = preSolution
		HideSolutionNode = FALSE
	EndGlobalSection
	GlobalSection(ExtensibilityGlobals) = postSolution
		SolutionGuid = {B0B55050-361D-4EA6-A635-E37112E58677}
	EndGlobalSection
EndGlobal
